
Microsoft Visual Studio Solution File, Format Version 12.00
# Visual Studio 15
VisualStudioVersion = 15.0.26127.3
MinimumVisualStudioVersion = 10.0.40219.1
Project("{8BC9CEB8-8B4A-11D0-8D11-00A0C91BC942}") = "Chip8", "Chip8\Chip8.vcxproj", "{6AFE9F20-C1D5-4773-AD06-ED3571276EC2}"
EndProject
Project("{FAE04EC0-301F-11D3-BF4B-00C04F79EFBC}") = "Chip8Emu", "Chip8Desktop\Chip8Emu.csproj", "{91864486-3357-4B9B-A439-AA1FCC9EBF73}"
EndProject
Global
	GlobalSection(SolutionConfigurationPlatforms) = preSolution
		Debug|Any CPU = Debug|Any CPU
		Debug|x64 = Debug|x64
		Debug|x86 = Debug|x86
		Release|Any CPU = Release|Any CPU
		Release|x64 = Release|x64
		Release|x86 = Release|x86
	EndGlobalSection
	GlobalSection(ProjectConfigurationPlatforms) = postSolution
		{6AFE9F20-C1D5-4773-AD06-ED3571276EC2}.Debug|Any CPU.ActiveCfg = Debug|Win32
		{6AFE9F20-C1D5-4773-AD06-ED3571276EC2}.Debug|x64.ActiveCfg = Debug|x64
		{6AFE9F20-C1D5-4773-AD06-ED3571276EC2}.Debug|x64.Build.0 = Debug|x64
		{6AFE9F20-C1D5-4773-AD06-ED3571276EC2}.Debug|x86.ActiveCfg = Debug|Win32
		{6AFE9F20-C1D5-4773-AD06-ED3571276EC2}.Debug|x86.Build.0 = Debug|Win32
		{6AFE9F20-C1D5-4773-AD06-ED3571276EC2}.Release|Any CPU.ActiveCfg = Release|Win32
		{6AFE9F20-C1D5-4773-AD06-ED3571276EC2}.Release|x64.ActiveCfg = Release|x64
		{6AFE9F20-C1D5-4773-AD06-ED3571276EC2}.Release|x64.Build.0 = Release|x64
		{6AFE9F20-C1D5-4773-AD06-ED3571276EC2}.Release|x86.ActiveCfg = Release|Win32
		{6AFE9F20-C1D5-4773-AD06-ED3571276EC2}.Release|x86.Build.0 = Release|Win32
		{91864486-3357-4B9B-A439-AA1FCC9EBF73}.Debug|Any CPU.ActiveCfg = Debug|Any CPU
		{91864486-3357-4B9B-A439-AA1FCC9EBF73}.Debug|Any CPU.Build.0 = Debug|Any CPU
		{91864486-3357-4B9B-A439-AA1FCC9EBF73}.Debug|x64.ActiveCfg = Debug|Any CPU
		{91864486-3357-4B9B-A439-AA1FCC9EBF73}.Debug|x64.Build.0 = Debug|Any CPU
		{91864486-3357-4B9B-A439-AA1FCC9EBF73}.Debug|x86.ActiveCfg = Debug|Any CPU
		{91864486-3357-4B9B-A439-AA1FCC9EBF73}.Debug|x86.Build.0 = Debug|Any CPU
		{91864486-3357-4B9B-A439-AA1FCC9EBF73}.Release|Any CPU.ActiveCfg = Release|Any CPU
		{91864486-3357-4B9B-A439-AA1FCC9EBF73}.Release|Any CPU.Build.0 = Release|Any CPU
		{91864486-3357-4B9B-A439-AA1FCC9EBF73}.Release|x64.ActiveCfg = Release|Any CPU
		{91864486-3357-4B9B-A439-AA1FCC9EBF73}.Release|x64.Build.0 = Release|Any CPU
		{91864486-3357-4B9B-A439-AA1FCC9EBF73}.Release|x86.ActiveCfg = Release|Any CPU
		{91864486-3357-4B9B-A439-AA1FCC9EBF73}.Release|x86.Build.0 = Release|Any CPU
	EndGlobalSection
	GlobalSection(SolutionProperties) = preSolution
		HideSolutionNode = FALSE
	EndGlobalSection
EndGlobal
